
Microsoft Visual Studio Solution File, Format Version 12.00
# Visual Studio Version 16
VisualStudioVersion = 16.0.29318.209
MinimumVisualStudioVersion = 10.0.40219.1
Project("{FAE04EC0-301F-11D3-BF4B-00C04F79EFBC}") = "GradeManager2", "GradeManager2.csproj", "{F182C325-BDFB-4DEC-A69F-7348977524EE}"
EndProject
Global
	GlobalSection(SolutionConfigurationPlatforms) = preSolution
		Debug|Any CPU = Debug|Any CPU
		Release|Any CPU = Release|Any CPU
	EndGlobalSection
	GlobalSection(ProjectConfigurationPlatforms) = postSolution
		{F182C325-BDFB-4DEC-A69F-7348977524EE}.Debug|Any CPU.ActiveCfg = Debug|Any CPU
		{F182C325-BDFB-4DEC-A69F-7348977524EE}.Debug|Any CPU.Build.0 = Debug|Any CPU
		{F182C325-BDFB-4DEC-A69F-7348977524EE}.Release|Any CPU.ActiveCfg = Release|Any CPU
		{F182C325-BDFB-4DEC-A69F-7348977524EE}.Release|Any CPU.Build.0 = Release|Any CPU
	EndGlobalSection
	GlobalSection(SolutionProperties) = preSolution
		HideSolutionNode = FALSE
	EndGlobalSection
	GlobalSection(ExtensibilityGlobals) = postSolution
		SolutionGuid = {C08EC731-6F07-4BDA-873F-024CA15B3FB6}
	EndGlobalSection
EndGlobal
