
Microsoft Visual Studio Solution File, Format Version 12.00
# Visual Studio Version 16
VisualStudioVersion = 16.0.29318.209
MinimumVisualStudioVersion = 10.0.40219.1
Project("{FAE04EC0-301F-11D3-BF4B-00C04F79EFBC}") = "ListPrint", "ListPrint.csproj", "{78878E7B-DFA3-4F15-8D6D-C1D6014F6A97}"
EndProject
Global
	GlobalSection(SolutionConfigurationPlatforms) = preSolution
		Debug|Any CPU = Debug|Any CPU
		Release|Any CPU = Release|Any CPU
	EndGlobalSection
	GlobalSection(ProjectConfigurationPlatforms) = postSolution
		{78878E7B-DFA3-4F15-8D6D-C1D6014F6A97}.Debug|Any CPU.ActiveCfg = Debug|Any CPU
		{78878E7B-DFA3-4F15-8D6D-C1D6014F6A97}.Debug|Any CPU.Build.0 = Debug|Any CPU
		{78878E7B-DFA3-4F15-8D6D-C1D6014F6A97}.Release|Any CPU.ActiveCfg = Release|Any CPU
		{78878E7B-DFA3-4F15-8D6D-C1D6014F6A97}.Release|Any CPU.Build.0 = Release|Any CPU
	EndGlobalSection
	GlobalSection(SolutionProperties) = preSolution
		HideSolutionNode = FALSE
	EndGlobalSection
	GlobalSection(ExtensibilityGlobals) = postSolution
		SolutionGuid = {2FD3BB45-CA0E-4646-9DF1-384541988FA4}
	EndGlobalSection
EndGlobal
