
Microsoft Visual Studio Solution File, Format Version 12.00
# Visual Studio Version 16
VisualStudioVersion = 16.0.29215.179
MinimumVisualStudioVersion = 10.0.40219.1
Project("{FAE04EC0-301F-11D3-BF4B-00C04F79EFBC}") = "Abstraction1", "Abstraction1.csproj", "{F29EEEE5-D2A1-4878-B67C-12F12ADE9767}"
EndProject
Global
	GlobalSection(SolutionConfigurationPlatforms) = preSolution
		Debug|Any CPU = Debug|Any CPU
		Release|Any CPU = Release|Any CPU
	EndGlobalSection
	GlobalSection(ProjectConfigurationPlatforms) = postSolution
		{F29EEEE5-D2A1-4878-B67C-12F12ADE9767}.Debug|Any CPU.ActiveCfg = Debug|Any CPU
		{F29EEEE5-D2A1-4878-B67C-12F12ADE9767}.Debug|Any CPU.Build.0 = Debug|Any CPU
		{F29EEEE5-D2A1-4878-B67C-12F12ADE9767}.Release|Any CPU.ActiveCfg = Release|Any CPU
		{F29EEEE5-D2A1-4878-B67C-12F12ADE9767}.Release|Any CPU.Build.0 = Release|Any CPU
	EndGlobalSection
	GlobalSection(SolutionProperties) = preSolution
		HideSolutionNode = FALSE
	EndGlobalSection
	GlobalSection(ExtensibilityGlobals) = postSolution
		SolutionGuid = {0E4DED9F-8864-452F-B73B-BAC4AA9ED4F4}
	EndGlobalSection
EndGlobal
