
Microsoft Visual Studio Solution File, Format Version 12.00
# Visual Studio Version 16
VisualStudioVersion = 16.0.29318.209
MinimumVisualStudioVersion = 10.0.40219.1
Project("{FAE04EC0-301F-11D3-BF4B-00C04F79EFBC}") = "GradesManager1", "GradesManager1.csproj", "{F38AE501-3617-49A0-ABD3-DE53E065D515}"
EndProject
Global
	GlobalSection(SolutionConfigurationPlatforms) = preSolution
		Debug|Any CPU = Debug|Any CPU
		Release|Any CPU = Release|Any CPU
	EndGlobalSection
	GlobalSection(ProjectConfigurationPlatforms) = postSolution
		{F38AE501-3617-49A0-ABD3-DE53E065D515}.Debug|Any CPU.ActiveCfg = Debug|Any CPU
		{F38AE501-3617-49A0-ABD3-DE53E065D515}.Debug|Any CPU.Build.0 = Debug|Any CPU
		{F38AE501-3617-49A0-ABD3-DE53E065D515}.Release|Any CPU.ActiveCfg = Release|Any CPU
		{F38AE501-3617-49A0-ABD3-DE53E065D515}.Release|Any CPU.Build.0 = Release|Any CPU
	EndGlobalSection
	GlobalSection(SolutionProperties) = preSolution
		HideSolutionNode = FALSE
	EndGlobalSection
	GlobalSection(ExtensibilityGlobals) = postSolution
		SolutionGuid = {A48225C4-27E9-4B75-9004-9F2857A9364D}
	EndGlobalSection
EndGlobal
