
Microsoft Visual Studio Solution File, Format Version 12.00
# Visual Studio Version 16
VisualStudioVersion = 16.0.29709.97
MinimumVisualStudioVersion = 10.0.40219.1
Project("{FAE04EC0-301F-11D3-BF4B-00C04F79EFBC}") = "AnalyticsDecimal", "AnalyticsDecimal.csproj", "{C100C103-EB0C-4C69-85F6-31C065F5F2A3}"
EndProject
Global
	GlobalSection(SolutionConfigurationPlatforms) = preSolution
		Debug|Any CPU = Debug|Any CPU
		Release|Any CPU = Release|Any CPU
	EndGlobalSection
	GlobalSection(ProjectConfigurationPlatforms) = postSolution
		{C100C103-EB0C-4C69-85F6-31C065F5F2A3}.Debug|Any CPU.ActiveCfg = Debug|Any CPU
		{C100C103-EB0C-4C69-85F6-31C065F5F2A3}.Debug|Any CPU.Build.0 = Debug|Any CPU
		{C100C103-EB0C-4C69-85F6-31C065F5F2A3}.Release|Any CPU.ActiveCfg = Release|Any CPU
		{C100C103-EB0C-4C69-85F6-31C065F5F2A3}.Release|Any CPU.Build.0 = Release|Any CPU
	EndGlobalSection
	GlobalSection(SolutionProperties) = preSolution
		HideSolutionNode = FALSE
	EndGlobalSection
	GlobalSection(ExtensibilityGlobals) = postSolution
		SolutionGuid = {8DACD266-0B4F-49B2-9843-7561F15796EB}
	EndGlobalSection
EndGlobal
