
Microsoft Visual Studio Solution File, Format Version 12.00
# Visual Studio Version 16
VisualStudioVersion = 16.0.29318.209
MinimumVisualStudioVersion = 10.0.40219.1
Project("{FAE04EC0-301F-11D3-BF4B-00C04F79EFBC}") = "LetandNum", "LetandNum.csproj", "{74D5ECB5-2160-4078-BE73-9107DAD5F8FB}"
EndProject
Global
	GlobalSection(SolutionConfigurationPlatforms) = preSolution
		Debug|Any CPU = Debug|Any CPU
		Release|Any CPU = Release|Any CPU
	EndGlobalSection
	GlobalSection(ProjectConfigurationPlatforms) = postSolution
		{74D5ECB5-2160-4078-BE73-9107DAD5F8FB}.Debug|Any CPU.ActiveCfg = Debug|Any CPU
		{74D5ECB5-2160-4078-BE73-9107DAD5F8FB}.Debug|Any CPU.Build.0 = Debug|Any CPU
		{74D5ECB5-2160-4078-BE73-9107DAD5F8FB}.Release|Any CPU.ActiveCfg = Release|Any CPU
		{74D5ECB5-2160-4078-BE73-9107DAD5F8FB}.Release|Any CPU.Build.0 = Release|Any CPU
	EndGlobalSection
	GlobalSection(SolutionProperties) = preSolution
		HideSolutionNode = FALSE
	EndGlobalSection
	GlobalSection(ExtensibilityGlobals) = postSolution
		SolutionGuid = {28AC3DB7-87F2-4B69-BB51-041D2CDD349C}
	EndGlobalSection
EndGlobal
